
Microsoft Visual Studio Solution File, Format Version 12.00
# Visual Studio 15
VisualStudioVersion = 15.0.28307.1000
MinimumVisualStudioVersion = 10.0.40219.1
Project("{8BC9CEB8-8B4A-11D0-8D11-00A0C91BC942}") = "Project_Test", "Project_Test\Project_Test.vcxproj", "{0B3886F0-3C8E-4065-9BA2-FDD91C63C8F5}"
EndProject
Global
	GlobalSection(SolutionConfigurationPlatforms) = preSolution
		Debug|x64 = Debug|x64
		Debug|x86 = Debug|x86
		Release|x64 = Release|x64
		Release|x86 = Release|x86
	EndGlobalSection
	GlobalSection(ProjectConfigurationPlatforms) = postSolution
		{0B3886F0-3C8E-4065-9BA2-FDD91C63C8F5}.Debug|x64.ActiveCfg = Debug|x64
		{0B3886F0-3C8E-4065-9BA2-FDD91C63C8F5}.Debug|x64.Build.0 = Debug|x64
		{0B3886F0-3C8E-4065-9BA2-FDD91C63C8F5}.Debug|x86.ActiveCfg = Debug|Win32
		{0B3886F0-3C8E-4065-9BA2-FDD91C63C8F5}.Debug|x86.Build.0 = Debug|Win32
		{0B3886F0-3C8E-4065-9BA2-FDD91C63C8F5}.Release|x64.ActiveCfg = Release|x64
		{0B3886F0-3C8E-4065-9BA2-FDD91C63C8F5}.Release|x64.Build.0 = Release|x64
		{0B3886F0-3C8E-4065-9BA2-FDD91C63C8F5}.Release|x86.ActiveCfg = Release|Win32
		{0B3886F0-3C8E-4065-9BA2-FDD91C63C8F5}.Release|x86.Build.0 = Release|Win32
	EndGlobalSection
	GlobalSection(SolutionProperties) = preSolution
		HideSolutionNode = FALSE
	EndGlobalSection
	GlobalSection(ExtensibilityGlobals) = postSolution
		SolutionGuid = {6C14EB07-48F3-4509-9CCA-865B96B7A0C2}
	EndGlobalSection
EndGlobal
